
Microsoft Visual Studio Solution File, Format Version 12.00
# Visual Studio Version 17
VisualStudioVersion = 17.3.32929.385
MinimumVisualStudioVersion = 10.0.40219.1
Project("{FAE04EC0-301F-11D3-BF4B-00C04F79EFBC}") = "Transpiler", "Transpiler\Transpiler.csproj", "{73615F18-C080-4FD9-BAF9-71134E1DC83C}"
EndProject
Global
	GlobalSection(SolutionConfigurationPlatforms) = preSolution
		Debug|Any CPU = Debug|Any CPU
		Release|Any CPU = Release|Any CPU
	EndGlobalSection
	GlobalSection(ProjectConfigurationPlatforms) = postSolution
		{73615F18-C080-4FD9-BAF9-71134E1DC83C}.Debug|Any CPU.ActiveCfg = Debug|Any CPU
		{73615F18-C080-4FD9-BAF9-71134E1DC83C}.Debug|Any CPU.Build.0 = Debug|Any CPU
		{73615F18-C080-4FD9-BAF9-71134E1DC83C}.Release|Any CPU.ActiveCfg = Release|Any CPU
		{73615F18-C080-4FD9-BAF9-71134E1DC83C}.Release|Any CPU.Build.0 = Release|Any CPU
	EndGlobalSection
	GlobalSection(SolutionProperties) = preSolution
		HideSolutionNode = FALSE
	EndGlobalSection
	GlobalSection(ExtensibilityGlobals) = postSolution
		SolutionGuid = {9C6A6C77-2FC7-471E-BF1B-D7ED06E3E215}
	EndGlobalSection
EndGlobal
